{
  "name": "chemestrycalculator",
  "version": "1.0.0",
  "lockfileVersion": 3,
  "requires": true,
  "packages": {
    "": {
      "name": "chemestrycalculator",
      "version": "1.0.0",
      "license": "ISC",
      "dependencies": {
        "periodic-table": "^0.0.8"
      }
    },
    "node_modules/periodic-table": {
      "version": "0.0.8",
      "resolved": "https://registry.npmjs.org/periodic-table/-/periodic-table-0.0.8.tgz",
      "integrity": "sha512-6UyOC7CwfV+vtNc13/eQ71m+u+A9jrrkYpuTMZqZOxwDpgX6KRtEJVYnMxwS23YdI/VOVzAomrXzcc5iixTuzg=="
    }
  }
}
